
Microsoft Visual Studio Solution File, Format Version 12.00
# Visual Studio Version 16
VisualStudioVersion = 16.0.31129.286
MinimumVisualStudioVersion = 10.0.40219.1
Project("{FAE04EC0-301F-11D3-BF4B-00C04F79EFBC}") = "WindowsFormsApp1", "WindowsFormsApp1\WindowsFormsApp1.csproj", "{E19772AF-F6BD-41CA-8A2B-6CA429267D3D}"
EndProject
Global
	GlobalSection(SolutionConfigurationPlatforms) = preSolution
		Debug|Any CPU = Debug|Any CPU
		Release|Any CPU = Release|Any CPU
	EndGlobalSection
	GlobalSection(ProjectConfigurationPlatforms) = postSolution
		{E19772AF-F6BD-41CA-8A2B-6CA429267D3D}.Debug|Any CPU.ActiveCfg = Debug|Any CPU
		{E19772AF-F6BD-41CA-8A2B-6CA429267D3D}.Debug|Any CPU.Build.0 = Debug|Any CPU
		{E19772AF-F6BD-41CA-8A2B-6CA429267D3D}.Release|Any CPU.ActiveCfg = Release|Any CPU
		{E19772AF-F6BD-41CA-8A2B-6CA429267D3D}.Release|Any CPU.Build.0 = Release|Any CPU
	EndGlobalSection
	GlobalSection(SolutionProperties) = preSolution
		HideSolutionNode = FALSE
	EndGlobalSection
	GlobalSection(ExtensibilityGlobals) = postSolution
		SolutionGuid = {5F8C81C4-C7E2-40FA-A9DA-26F6CA9FFD8F}
	EndGlobalSection
EndGlobal
